# This file is automatically @generated by Cargo.
# It is not intended for manual editing.
version = 3

[[package]]
name = "autocfg"
version = "0.1.8"
source = "registry+https://github.com/rust-lang/crates.io-index"
checksum = "0dde43e75fd43e8a1bf86103336bc699aa8d17ad1be60c76c0bdfd4828e19b78"
dependencies = [
 "autocfg 1.1.0",
]

[[package]]
name = "autocfg"
version = "1.1.0"
source = "registry+https://github.com/rust-lang/crates.io-index"
checksum = "d468802bab17cbc0cc575e9b053f41e72aa36bfa6b7f55e3529ffa43161b97fa"

[[package]]
name = "base64"
version = "0.13.0"
source = "registry+https://github.com/rust-lang/crates.io-index"
checksum = "904dfeac50f3cdaba28fc6f57fdcddb75f49ed61346676a78c4ffe55877802fd"

[[package]]
name = "base64ct"
version = "1.1.1"
source = "registry+https://github.com/rust-lang/crates.io-index"
checksum = "e6b4d9b1225d28d360ec6a231d65af1fd99a2a095154c8040689617290569c5c"

[[package]]
name = "block-buffer"
version = "0.9.0"
source = "registry+https://github.com/rust-lang/crates.io-index"
checksum = "4152116fd6e9dadb291ae18fc1ec3575ed6d84c29642d97890f4b4a3417297e4"
dependencies = [
 "generic-array",
]

[[package]]
name = "byteorder"
version = "1.4.3"
source = "registry+https://github.com/rust-lang/crates.io-index"
checksum = "14c189c53d098945499cdfa7ecc63567cf3886b3332b312a5b4585d8d3a6a610"

[[package]]
name = "cfg-if"
version = "1.0.0"
source = "registry+https://github.com/rust-lang/crates.io-index"
checksum = "baf1de4339761588bc0619e3cbc0120ee582ebb74b53b4efbf79117bd2da40fd"

[[package]]
name = "collectxyz"
version = "0.2.2"
dependencies = [
 "base64",
 "cosmwasm-std",
 "cw721",
 "cw721-base",
 "schemars",
 "serde",
]

[[package]]
name = "collectxyz-nft-contract"
version = "0.2.2"
dependencies = [
 "base64",
 "collectxyz",
 "cosmwasm-schema",
 "cosmwasm-std",
 "cosmwasm-storage",
 "cw-storage-plus",
 "cw0",
 "cw2",
 "cw721",
 "cw721-base",
 "getrandom 0.2.3",
 "rsa",
 "schemars",
 "serde",
 "serde_json",
 "sha2",
 "thiserror",
]

[[package]]
name = "const-oid"
version = "0.6.2"
source = "registry+https://github.com/rust-lang/crates.io-index"
checksum = "9d6f2aa4d0537bcc1c74df8755072bd31c1ef1a3a1b85a68e8404a8c353b7b8b"

[[package]]
name = "cosmwasm-crypto"
version = "0.16.6"
source = "registry+https://github.com/rust-lang/crates.io-index"
checksum = "aa6d40e8d484d04dd66e8d5795a3b36d9aaedda2cd75eeed2e00d56fd4923bdb"
dependencies = [
 "digest",
 "ed25519-zebra",
 "k256",
 "rand_core 0.5.1",
 "thiserror",
]

[[package]]
name = "cosmwasm-derive"
version = "0.16.6"
source = "registry+https://github.com/rust-lang/crates.io-index"
checksum = "848c6ddf2e7dc61c2ebfce263307fce5f66a65ab30e22ac97bf431ed4c5da7f1"
dependencies = [
 "syn",
]

[[package]]
name = "cosmwasm-schema"
version = "0.16.6"
source = "registry+https://github.com/rust-lang/crates.io-index"
checksum = "90afc53eacc5ab65e6270b5c7a4ac4bf06351d880f803d55fb35ad9ec2d2ceed"
dependencies = [
 "schemars",
 "serde_json",
]

[[package]]
name = "cosmwasm-std"
version = "0.16.6"
source = "registry+https://github.com/rust-lang/crates.io-index"
checksum = "b8eeb09d759020f5793fa7f61bb107bf651cf355735b62845b686ab05b78e164"
dependencies = [
 "base64",
 "cosmwasm-crypto",
 "cosmwasm-derive",
 "forward_ref",
 "schemars",
 "serde",
 "serde-json-wasm",
 "thiserror",
 "uint",
]

[[package]]
name = "cosmwasm-storage"
version = "0.16.6"
source = "registry+https://github.com/rust-lang/crates.io-index"
checksum = "db1e7100a56b84d2944bc680421125337d9c57d9650de31868cbc6547fd51155"
dependencies = [
 "cosmwasm-std",
 "serde",
]

[[package]]
name = "cpufeatures"
version = "0.2.2"
source = "registry+https://github.com/rust-lang/crates.io-index"
checksum = "59a6001667ab124aebae2a495118e11d30984c3a653e99d86d58971708cf5e4b"
dependencies = [
 "libc",
]

[[package]]
name = "crunchy"
version = "0.2.2"
source = "registry+https://github.com/rust-lang/crates.io-index"
checksum = "7a81dae078cea95a014a339291cec439d2f232ebe854a9d672b796c6afafa9b7"

[[package]]
name = "crypto-bigint"
version = "0.2.11"
source = "registry+https://github.com/rust-lang/crates.io-index"
checksum = "f83bd3bb4314701c568e340cd8cf78c975aa0ca79e03d3f6d1677d5b0c9c0c03"
dependencies = [
 "generic-array",
 "rand_core 0.6.3",
 "subtle",
 "zeroize",
]

[[package]]
name = "crypto-mac"
version = "0.11.1"
source = "registry+https://github.com/rust-lang/crates.io-index"
checksum = "b1d1a86f49236c215f271d40892d5fc950490551400b02ef360692c29815c714"
dependencies = [
 "generic-array",
 "subtle",
]

[[package]]
name = "curve25519-dalek"
version = "3.2.0"
source = "registry+https://github.com/rust-lang/crates.io-index"
checksum = "0b9fdf9972b2bd6af2d913799d9ebc165ea4d2e65878e329d9c6b372c4491b61"
dependencies = [
 "byteorder",
 "digest",
 "rand_core 0.5.1",
 "subtle",
 "zeroize",
]

[[package]]
name = "cw-storage-plus"
version = "0.9.1"
source = "registry+https://github.com/rust-lang/crates.io-index"
checksum = "a8e401ed71bd64abb9b91151a9ff4f7b34e81b2b3eceab23e3cb67fe47e39938"
dependencies = [
 "cosmwasm-std",
 "schemars",
 "serde",
]

[[package]]
name = "cw0"
version = "0.9.1"
source = "registry+https://github.com/rust-lang/crates.io-index"
checksum = "d759bb5418a3bdf091e1f1be17de2a15d95d2be4fee28045c2e461f4c6d9d1ca"
dependencies = [
 "cosmwasm-std",
 "schemars",
 "serde",
 "thiserror",
]

[[package]]
name = "cw2"
version = "0.9.1"
source = "registry+https://github.com/rust-lang/crates.io-index"
checksum = "3c6380164fb236412ff43c7ca075d95847c6fa8c51b2d3a513c23127a0f2a8f6"
dependencies = [
 "cosmwasm-std",
 "cw-storage-plus",
 "schemars",
 "serde",
]

[[package]]
name = "cw721"
version = "0.9.1"
source = "registry+https://github.com/rust-lang/crates.io-index"
checksum = "3898ad211302c35de4b08b31007a444af42602b3f697153b9e63f3735e032e3e"
dependencies = [
 "cosmwasm-std",
 "cw0",
 "schemars",
 "serde",
]

[[package]]
name = "cw721-base"
version = "0.9.1"
source = "registry+https://github.com/rust-lang/crates.io-index"
checksum = "f59c8865dd410e5e03d3293afc898ffb8b26f7e4e2f8c2b976f815eab282dbbe"
dependencies = [
 "cosmwasm-std",
 "cw-storage-plus",
 "cw0",
 "cw2",
 "cw721",
 "schemars",
 "serde",
 "thiserror",
]

[[package]]
name = "der"
version = "0.4.5"
source = "registry+https://github.com/rust-lang/crates.io-index"
checksum = "79b71cca7d95d7681a4b3b9cdf63c8dbc3730d0584c2c74e31416d64a90493f4"
dependencies = [
 "const-oid",
 "crypto-bigint",
]

[[package]]
name = "digest"
version = "0.9.0"
source = "registry+https://github.com/rust-lang/crates.io-index"
checksum = "d3dd60d1080a57a05ab032377049e0591415d2b31afd7028356dbf3cc6dcb066"
dependencies = [
 "generic-array",
]

[[package]]
name = "dyn-clone"
version = "1.0.5"
source = "registry+https://github.com/rust-lang/crates.io-index"
checksum = "21e50f3adc76d6a43f5ed73b698a87d0760ca74617f60f7c3b879003536fdd28"

[[package]]
name = "ecdsa"
version = "0.12.4"
source = "registry+https://github.com/rust-lang/crates.io-index"
checksum = "43ee23aa5b4f68c7a092b5c3beb25f50c406adc75e2363634f242f28ab255372"
dependencies = [
 "der",
 "elliptic-curve",
 "hmac",
 "signature",
]

[[package]]
name = "ed25519-zebra"
version = "2.2.0"
source = "registry+https://github.com/rust-lang/crates.io-index"
checksum = "0a128b76af6dd4b427e34a6fd43dc78dbfe73672ec41ff615a2414c1a0ad0409"
dependencies = [
 "curve25519-dalek",
 "hex",
 "rand_core 0.5.1",
 "serde",
 "sha2",
 "thiserror",
]

[[package]]
name = "elliptic-curve"
version = "0.10.6"
source = "registry+https://github.com/rust-lang/crates.io-index"
checksum = "beca177dcb8eb540133e7680baff45e7cc4d93bf22002676cec549f82343721b"
dependencies = [
 "crypto-bigint",
 "ff",
 "generic-array",
 "group",
 "pkcs8",
 "rand_core 0.6.3",
 "subtle",
 "zeroize",
]

[[package]]
name = "ff"
version = "0.10.1"
source = "registry+https://github.com/rust-lang/crates.io-index"
checksum = "d0f40b2dcd8bc322217a5f6559ae5f9e9d1de202a2ecee2e9eafcbece7562a4f"
dependencies = [
 "rand_core 0.6.3",
 "subtle",
]

[[package]]
name = "forward_ref"
version = "1.0.0"
source = "registry+https://github.com/rust-lang/crates.io-index"
checksum = "c8cbd1169bd7b4a0a20d92b9af7a7e0422888bd38a6f5ec29c1fd8c1558a272e"

[[package]]
name = "generic-array"
version = "0.14.5"
source = "registry+https://github.com/rust-lang/crates.io-index"
checksum = "fd48d33ec7f05fbfa152300fdad764757cbded343c1aa1cff2fbaf4134851803"
dependencies = [
 "typenum",
 "version_check",
]

[[package]]
name = "getrandom"
version = "0.1.16"
source = "registry+https://github.com/rust-lang/crates.io-index"
checksum = "8fc3cb4d91f53b50155bdcfd23f6a4c39ae1969c2ae85982b135750cccaf5fce"
dependencies = [
 "cfg-if",
 "libc",
 "wasi",
]

[[package]]
name = "getrandom"
version = "0.2.3"

[[package]]
name = "group"
version = "0.10.0"
source = "registry+https://github.com/rust-lang/crates.io-index"
checksum = "1c363a5301b8f153d80747126a04b3c82073b9fe3130571a9d170cacdeaf7912"
dependencies = [
 "ff",
 "rand_core 0.6.3",
 "subtle",
]

[[package]]
name = "hex"
version = "0.4.3"
source = "registry+https://github.com/rust-lang/crates.io-index"
checksum = "7f24254aa9a54b5c858eaee2f5bccdb46aaf0e486a595ed5fd8f86ba55232a70"

[[package]]
name = "hmac"
version = "0.11.0"
source = "registry+https://github.com/rust-lang/crates.io-index"
checksum = "2a2a2320eb7ec0ebe8da8f744d7812d9fc4cb4d09344ac01898dbcb6a20ae69b"
dependencies = [
 "crypto-mac",
 "digest",
]

[[package]]
name = "itoa"
version = "1.0.1"
source = "registry+https://github.com/rust-lang/crates.io-index"
checksum = "1aab8fc367588b89dcee83ab0fd66b72b50b72fa1904d7095045ace2b0c81c35"

[[package]]
name = "k256"
version = "0.9.6"
source = "registry+https://github.com/rust-lang/crates.io-index"
checksum = "903ae2481bcdfdb7b68e0a9baa4b7c9aff600b9ae2e8e5bb5833b8c91ab851ea"
dependencies = [
 "cfg-if",
 "ecdsa",
 "elliptic-curve",
 "sha2",
]

[[package]]
name = "lazy_static"
version = "1.4.0"
source = "registry+https://github.com/rust-lang/crates.io-index"
checksum = "e2abad23fbc42b3700f2f279844dc832adb2b2eb069b2df918f455c4e18cc646"
dependencies = [
 "spin",
]

[[package]]
name = "libc"
version = "0.2.121"
source = "registry+https://github.com/rust-lang/crates.io-index"
checksum = "efaa7b300f3b5fe8eb6bf21ce3895e1751d9665086af2d64b42f19701015ff4f"

[[package]]
name = "libm"
version = "0.2.2"
source = "registry+https://github.com/rust-lang/crates.io-index"
checksum = "33a33a362ce288760ec6a508b94caaec573ae7d3bbbd91b87aa0bad4456839db"

[[package]]
name = "num-bigint-dig"
version = "0.7.0"
source = "registry+https://github.com/rust-lang/crates.io-index"
checksum = "4547ee5541c18742396ae2c895d0717d0f886d8823b8399cdaf7b07d63ad0480"
dependencies = [
 "autocfg 0.1.8",
 "byteorder",
 "lazy_static",
 "libm",
 "num-integer",
 "num-iter",
 "num-traits",
 "rand",
 "smallvec",
 "zeroize",
]

[[package]]
name = "num-integer"
version = "0.1.44"
source = "registry+https://github.com/rust-lang/crates.io-index"
checksum = "d2cc698a63b549a70bc047073d2949cce27cd1c7b0a4a862d08a8031bc2801db"
dependencies = [
 "autocfg 1.1.0",
 "num-traits",
]

[[package]]
name = "num-iter"
version = "0.1.42"
source = "registry+https://github.com/rust-lang/crates.io-index"
checksum = "b2021c8337a54d21aca0d59a92577a029af9431cb59b909b03252b9c164fad59"
dependencies = [
 "autocfg 1.1.0",
 "num-integer",
 "num-traits",
]

[[package]]
name = "num-traits"
version = "0.2.14"
source = "registry+https://github.com/rust-lang/crates.io-index"
checksum = "9a64b1ec5cda2586e284722486d802acf1f7dbdc623e2bfc57e65ca1cd099290"
dependencies = [
 "autocfg 1.1.0",
 "libm",
]

[[package]]
name = "opaque-debug"
version = "0.3.0"
source = "registry+https://github.com/rust-lang/crates.io-index"
checksum = "624a8340c38c1b80fd549087862da4ba43e08858af025b236e509b6649fc13d5"

[[package]]
name = "pem-rfc7468"
version = "0.2.4"
source = "registry+https://github.com/rust-lang/crates.io-index"
checksum = "84e93a3b1cc0510b03020f33f21e62acdde3dcaef432edc95bea377fbd4c2cd4"
dependencies = [
 "base64ct",
]

[[package]]
name = "pkcs1"
version = "0.2.4"
source = "registry+https://github.com/rust-lang/crates.io-index"
checksum = "116bee8279d783c0cf370efa1a94632f2108e5ef0bb32df31f051647810a4e2c"
dependencies = [
 "der",
 "pem-rfc7468",
 "zeroize",
]

[[package]]
name = "pkcs8"
version = "0.7.6"
source = "registry+https://github.com/rust-lang/crates.io-index"
checksum = "ee3ef9b64d26bad0536099c816c6734379e45bbd5f14798def6809e5cc350447"
dependencies = [
 "der",
 "pem-rfc7468",
 "pkcs1",
 "spki",
 "zeroize",
]

[[package]]
name = "ppv-lite86"
version = "0.2.16"
source = "registry+https://github.com/rust-lang/crates.io-index"
checksum = "eb9f9e6e233e5c4a35559a617bf40a4ec447db2e84c20b55a6f83167b7e57872"

[[package]]
name = "proc-macro2"
version = "1.0.36"
source = "registry+https://github.com/rust-lang/crates.io-index"
checksum = "c7342d5883fbccae1cc37a2353b09c87c9b0f3afd73f5fb9bba687a1f733b029"
dependencies = [
 "unicode-xid",
]

[[package]]
name = "quote"
version = "1.0.17"
source = "registry+https://github.com/rust-lang/crates.io-index"
checksum = "632d02bff7f874a36f33ea8bb416cd484b90cc66c1194b1a1110d067a7013f58"
dependencies = [
 "proc-macro2",
]

[[package]]
name = "rand"
version = "0.8.5"
source = "registry+https://github.com/rust-lang/crates.io-index"
checksum = "34af8d1a0e25924bc5b7c43c079c942339d8f0a8b57c39049bef581b46327404"
dependencies = [
 "libc",
 "rand_chacha",
 "rand_core 0.6.3",
]

[[package]]
name = "rand_chacha"
version = "0.3.1"
source = "registry+https://github.com/rust-lang/crates.io-index"
checksum = "e6c10a63a0fa32252be49d21e7709d4d4baf8d231c2dbce1eaa8141b9b127d88"
dependencies = [
 "ppv-lite86",
 "rand_core 0.6.3",
]

[[package]]
name = "rand_core"
version = "0.5.1"
source = "registry+https://github.com/rust-lang/crates.io-index"
checksum = "90bde5296fc891b0cef12a6d03ddccc162ce7b2aff54160af9338f8d40df6d19"
dependencies = [
 "getrandom 0.1.16",
]

[[package]]
name = "rand_core"
version = "0.6.3"
source = "registry+https://github.com/rust-lang/crates.io-index"
checksum = "d34f1408f55294453790c48b2f1ebbb1c5b4b7563eb1f418bcfcfdbb06ebb4e7"
dependencies = [
 "getrandom 0.2.3",
]

[[package]]
name = "rsa"
version = "0.5.0"
source = "registry+https://github.com/rust-lang/crates.io-index"
checksum = "e05c2603e2823634ab331437001b411b9ed11660fbc4066f3908c84a9439260d"
dependencies = [
 "byteorder",
 "digest",
 "lazy_static",
 "num-bigint-dig",
 "num-integer",
 "num-iter",
 "num-traits",
 "pkcs1",
 "pkcs8",
 "rand",
 "subtle",
 "zeroize",
]

[[package]]
name = "ryu"
version = "1.0.9"
source = "registry+https://github.com/rust-lang/crates.io-index"
checksum = "73b4b750c782965c211b42f022f59af1fbceabdd026623714f104152f1ec149f"

[[package]]
name = "schemars"
version = "0.8.8"
source = "registry+https://github.com/rust-lang/crates.io-index"
checksum = "c6b5a3c80cea1ab61f4260238409510e814e38b4b563c06044edf91e7dc070e3"
dependencies = [
 "dyn-clone",
 "schemars_derive",
 "serde",
 "serde_json",
]

[[package]]
name = "schemars_derive"
version = "0.8.8"
source = "registry+https://github.com/rust-lang/crates.io-index"
checksum = "41ae4dce13e8614c46ac3c38ef1c0d668b101df6ac39817aebdaa26642ddae9b"
dependencies = [
 "proc-macro2",
 "quote",
 "serde_derive_internals",
 "syn",
]

[[package]]
name = "serde"
version = "1.0.136"
source = "registry+https://github.com/rust-lang/crates.io-index"
checksum = "ce31e24b01e1e524df96f1c2fdd054405f8d7376249a5110886fb4b658484789"
dependencies = [
 "serde_derive",
]

[[package]]
name = "serde-json-wasm"
version = "0.3.2"
source = "registry+https://github.com/rust-lang/crates.io-index"
checksum = "042ac496d97e5885149d34139bad1d617192770d7eb8f1866da2317ff4501853"
dependencies = [
 "serde",
]

[[package]]
name = "serde_derive"
version = "1.0.136"
source = "registry+https://github.com/rust-lang/crates.io-index"
checksum = "08597e7152fcd306f41838ed3e37be9eaeed2b61c42e2117266a554fab4662f9"
dependencies = [
 "proc-macro2",
 "quote",
 "syn",
]

[[package]]
name = "serde_derive_internals"
version = "0.25.0"
source = "registry+https://github.com/rust-lang/crates.io-index"
checksum = "1dbab34ca63057a1f15280bdf3c39f2b1eb1b54c17e98360e511637aef7418c6"
dependencies = [
 "proc-macro2",
 "quote",
 "syn",
]

[[package]]
name = "serde_json"
version = "1.0.79"
source = "registry+https://github.com/rust-lang/crates.io-index"
checksum = "8e8d9fa5c3b304765ce1fd9c4c8a3de2c8db365a5b91be52f186efc675681d95"
dependencies = [
 "itoa",
 "ryu",
 "serde",
]

[[package]]
name = "sha2"
version = "0.9.9"
source = "registry+https://github.com/rust-lang/crates.io-index"
checksum = "4d58a1e1bf39749807d89cf2d98ac2dfa0ff1cb3faa38fbb64dd88ac8013d800"
dependencies = [
 "block-buffer",
 "cfg-if",
 "cpufeatures",
 "digest",
 "opaque-debug",
]

[[package]]
name = "signature"
version = "1.3.2"
source = "registry+https://github.com/rust-lang/crates.io-index"
checksum = "f2807892cfa58e081aa1f1111391c7a0649d4fa127a4ffbe34bcbfb35a1171a4"
dependencies = [
 "digest",
 "rand_core 0.6.3",
]

[[package]]
name = "smallvec"
version = "1.8.0"
source = "registry+https://github.com/rust-lang/crates.io-index"
checksum = "f2dd574626839106c320a323308629dcb1acfc96e32a8cba364ddc61ac23ee83"

[[package]]
name = "spin"
version = "0.5.2"
source = "registry+https://github.com/rust-lang/crates.io-index"
checksum = "6e63cff320ae2c57904679ba7cb63280a3dc4613885beafb148ee7bf9aa9042d"

[[package]]
name = "spki"
version = "0.4.1"
source = "registry+https://github.com/rust-lang/crates.io-index"
checksum = "5c01a0c15da1b0b0e1494112e7af814a678fec9bd157881b49beac661e9b6f32"
dependencies = [
 "der",
]

[[package]]
name = "static_assertions"
version = "1.1.0"
source = "registry+https://github.com/rust-lang/crates.io-index"
checksum = "a2eb9349b6444b326872e140eb1cf5e7c522154d69e7a0ffb0fb81c06b37543f"

[[package]]
name = "subtle"
version = "2.4.1"
source = "registry+https://github.com/rust-lang/crates.io-index"
checksum = "6bdef32e8150c2a081110b42772ffe7d7c9032b606bc226c8260fd97e0976601"

[[package]]
name = "syn"
version = "1.0.90"
source = "registry+https://github.com/rust-lang/crates.io-index"
checksum = "704df27628939572cd88d33f171cd6f896f4eaca85252c6e0a72d8d8287ee86f"
dependencies = [
 "proc-macro2",
 "quote",
 "unicode-xid",
]

[[package]]
name = "synstructure"
version = "0.12.6"
source = "registry+https://github.com/rust-lang/crates.io-index"
checksum = "f36bdaa60a83aca3921b5259d5400cbf5e90fc51931376a9bd4a0eb79aa7210f"
dependencies = [
 "proc-macro2",
 "quote",
 "syn",
 "unicode-xid",
]

[[package]]
name = "thiserror"
version = "1.0.30"
source = "registry+https://github.com/rust-lang/crates.io-index"
checksum = "854babe52e4df1653706b98fcfc05843010039b406875930a70e4d9644e5c417"
dependencies = [
 "thiserror-impl",
]

[[package]]
name = "thiserror-impl"
version = "1.0.30"
source = "registry+https://github.com/rust-lang/crates.io-index"
checksum = "aa32fd3f627f367fe16f893e2597ae3c05020f8bba2666a4e6ea73d377e5714b"
dependencies = [
 "proc-macro2",
 "quote",
 "syn",
]

[[package]]
name = "typenum"
version = "1.15.0"
source = "registry+https://github.com/rust-lang/crates.io-index"
checksum = "dcf81ac59edc17cc8697ff311e8f5ef2d99fcbd9817b34cec66f90b6c3dfd987"

[[package]]
name = "uint"
version = "0.9.1"
source = "registry+https://github.com/rust-lang/crates.io-index"
checksum = "6470ab50f482bde894a037a57064480a246dbfdd5960bd65a44824693f08da5f"
dependencies = [
 "byteorder",
 "crunchy",
 "hex",
 "static_assertions",
]

[[package]]
name = "unicode-xid"
version = "0.2.2"
source = "registry+https://github.com/rust-lang/crates.io-index"
checksum = "8ccb82d61f80a663efe1f787a51b16b5a51e3314d6ac365b08639f52387b33f3"

[[package]]
name = "version_check"
version = "0.9.4"
source = "registry+https://github.com/rust-lang/crates.io-index"
checksum = "49874b5167b65d7193b8aba1567f5c7d93d001cafc34600cee003eda787e483f"

[[package]]
name = "wasi"
version = "0.9.0+wasi-snapshot-preview1"
source = "registry+https://github.com/rust-lang/crates.io-index"
checksum = "cccddf32554fecc6acb585f82a32a72e28b48f8c4c1883ddfeeeaa96f7d8e519"

[[package]]
name = "zeroize"
version = "1.4.3"
source = "registry+https://github.com/rust-lang/crates.io-index"
checksum = "d68d9dcec5f9b43a30d38c49f91dfedfaac384cb8f085faca366c26207dd1619"
dependencies = [
 "zeroize_derive",
]

[[package]]
name = "zeroize_derive"
version = "1.3.2"
source = "registry+https://github.com/rust-lang/crates.io-index"
checksum = "3f8f187641dad4f680d25c4bfc4225b418165984179f26ca76ec4fb6441d3a17"
dependencies = [
 "proc-macro2",
 "quote",
 "syn",
 "synstructure",
]
